schema: '2.0'
stages:
  prepare_data:
    cmd: python src/data_preparation.py
    deps:
    - path: data/raw
      md5: f2c7448614b9ec3d9e7e25dac874171f.dir
      size: 150828752
      nfiles: 1
    - path: src/config.py
      md5: 13ecb99040484d18289023b7c512df40
      size: 162
    outs:
    - path: data/processed
      md5: 4f91a1adb00b641eb6276d351076b80a.dir
      size: 148417072
      nfiles: 4
  augment_data:
    cmd: python src/data_augmentation.py
    deps:
    - path: data/processed
      md5: 4f91a1adb00b641eb6276d351076b80a.dir
      size: 148417072
      nfiles: 4
    - path: src/config.py
      md5: 13ecb99040484d18289023b7c512df40
      size: 162
    outs:
    - path: data/augmented
      md5: 2d184bf83a9a9869c6a7a330d5745e32.dir
      size: 728376030
      nfiles: 8
  train_model:
    cmd: python src/train.py
    deps:
    - path: data/augmented
      md5: 2d184bf83a9a9869c6a7a330d5745e32.dir
      size: 728376030
      nfiles: 8
    - path: data/processed
      md5: 4f91a1adb00b641eb6276d351076b80a.dir
      size: 148417072
      nfiles: 4
    - path: src/config.py
      md5: 13ecb99040484d18289023b7c512df40
      size: 162
