schema: '2.0'
stages:
  prepare_data:
    cmd: python src/data_preparation.py
    deps:
    - path: data/raw
      md5: f2c7448614b9ec3d9e7e25dac874171f.dir
      size: 150828752
      nfiles: 1
    - path: src/config.py
      md5: 47a81d95d92fc2a752ccc7bfc7175699
      size: 129
    outs:
    - path: data/processed
      md5: 0924010ed1a9777b1cbc8d502e3a87e1.dir
      size: 148417072
      nfiles: 4
  augment_data:
    cmd: python src/data_augmentation.py
    deps:
    - path: data/processed
      md5: fa2ff687454d9bd44cea2d19c5521854.dir
      size: 739806856
      nfiles: 12
    - path: src/config.py
      md5: 47a81d95d92fc2a752ccc7bfc7175699
      size: 129
    outs:
    - path: data_validation
      md5: c98ebde6d59df28240b13d60ffea8397.dir
      size: 2943698
      nfiles: 4
  train_model:
    cmd: python src/train.py
    deps:
    - path: data/processed
      md5: fa2ff687454d9bd44cea2d19c5521854.dir
      size: 739806856
      nfiles: 12
    - path: src/config.py
      md5: 47a81d95d92fc2a752ccc7bfc7175699
      size: 129
    outs:
    - path: metrics.csv
      md5: 176df9ab7fc42ece6fb62ec886164e9b
      size: 165
    - path: params.yml
      md5: 870e32ba47b08e9f4e352967a2df4db0
      size: 39
